
Microsoft Visual Studio Solution File, Format Version 12.00
# Visual Studio Version 16
VisualStudioVersion = 16.0.31321.278
MinimumVisualStudioVersion = 10.0.40219.1
Project("{FAE04EC0-301F-11D3-BF4B-00C04F79EFBC}") = "Hyuga", "Hyuga\Hyuga.csproj", "{77BADB1C-99CD-4F66-BBCF-079074510B8C}"
EndProject
Global
	GlobalSection(SolutionConfigurationPlatforms) = preSolution
		Debug|Any CPU = Debug|Any CPU
		Release|Any CPU = Release|Any CPU
	EndGlobalSection
	GlobalSection(ProjectConfigurationPlatforms) = postSolution
		{77BADB1C-99CD-4F66-BBCF-079074510B8C}.Debug|Any CPU.ActiveCfg = Debug|Any CPU
		{77BADB1C-99CD-4F66-BBCF-079074510B8C}.Debug|Any CPU.Build.0 = Debug|Any CPU
		{77BADB1C-99CD-4F66-BBCF-079074510B8C}.Release|Any CPU.ActiveCfg = Release|Any CPU
		{77BADB1C-99CD-4F66-BBCF-079074510B8C}.Release|Any CPU.Build.0 = Release|Any CPU
	EndGlobalSection
	GlobalSection(SolutionProperties) = preSolution
		HideSolutionNode = FALSE
	EndGlobalSection
	GlobalSection(ExtensibilityGlobals) = postSolution
		SolutionGuid = {0EB6DDA5-1D56-4615-B29C-86D6B26E7CD1}
	EndGlobalSection
EndGlobal
